
Microsoft Visual Studio Solution File, Format Version 11.00
# Visual Studio 2010
Project("{FAE04EC0-301F-11D3-BF4B-00C04F79EFBC}") = "UnityEngine.UI", "UnityEngine.UI.csproj", "{c0743e31-e5a8-fbc8-12c7-93caf2fd9552}"
EndProject
Project("{FAE04EC0-301F-11D3-BF4B-00C04F79EFBC}") = "Assembly-CSharp", "Assembly-CSharp.csproj", "{922d07b8-1f3f-1b4f-ac63-d1f6b738aed0}"
EndProject
Project("{FAE04EC0-301F-11D3-BF4B-00C04F79EFBC}") = "UnityEditor.UI", "UnityEditor.UI.csproj", "{2dfb6221-7158-fff3-1ef4-f250f03bc58f}"
EndProject
Global
	GlobalSection(SolutionConfigurationPlatforms) = preSolution
		Debug|Any CPU = Debug|Any CPU
		Release|Any CPU = Release|Any CPU
	EndGlobalSection
	GlobalSection(ProjectConfigurationPlatforms) = postSolution
		{c0743e31-e5a8-fbc8-12c7-93caf2fd9552}.Debug|Any CPU.ActiveCfg = Debug|Any CPU
		{c0743e31-e5a8-fbc8-12c7-93caf2fd9552}.Debug|Any CPU.Build.0 = Debug|Any CPU
		{c0743e31-e5a8-fbc8-12c7-93caf2fd9552}.Release|Any CPU.ActiveCfg = Release|Any CPU
		{c0743e31-e5a8-fbc8-12c7-93caf2fd9552}.Release|Any CPU.Build.0 = Release|Any CPU
		{922d07b8-1f3f-1b4f-ac63-d1f6b738aed0}.Debug|Any CPU.ActiveCfg = Debug|Any CPU
		{922d07b8-1f3f-1b4f-ac63-d1f6b738aed0}.Debug|Any CPU.Build.0 = Debug|Any CPU
		{922d07b8-1f3f-1b4f-ac63-d1f6b738aed0}.Release|Any CPU.ActiveCfg = Release|Any CPU
		{922d07b8-1f3f-1b4f-ac63-d1f6b738aed0}.Release|Any CPU.Build.0 = Release|Any CPU
		{2dfb6221-7158-fff3-1ef4-f250f03bc58f}.Debug|Any CPU.ActiveCfg = Debug|Any CPU
		{2dfb6221-7158-fff3-1ef4-f250f03bc58f}.Debug|Any CPU.Build.0 = Debug|Any CPU
		{2dfb6221-7158-fff3-1ef4-f250f03bc58f}.Release|Any CPU.ActiveCfg = Release|Any CPU
		{2dfb6221-7158-fff3-1ef4-f250f03bc58f}.Release|Any CPU.Build.0 = Release|Any CPU
	EndGlobalSection
	GlobalSection(SolutionProperties) = preSolution
		HideSolutionNode = FALSE
	EndGlobalSection
EndGlobal
